
Microsoft Visual Studio Solution File, Format Version 12.00
# Visual Studio Version 17
VisualStudioVersion = 17.8.34525.116
MinimumVisualStudioVersion = 10.0.40219.1
Project("{FAE04EC0-301F-11D3-BF4B-00C04F79EFBC}") = "API-pacPay", "API-pacPay\API-pacPay.csproj", "{7FDCC41B-462C-43AE-AC06-CD85E5F813DD}"
EndProject
Global
	GlobalSection(SolutionConfigurationPlatforms) = preSolution
		Debug|Any CPU = Debug|Any CPU
		Release|Any CPU = Release|Any CPU
	EndGlobalSection
	GlobalSection(ProjectConfigurationPlatforms) = postSolution
		{7FDCC41B-462C-43AE-AC06-CD85E5F813DD}.Debug|Any CPU.ActiveCfg = Debug|Any CPU
		{7FDCC41B-462C-43AE-AC06-CD85E5F813DD}.Debug|Any CPU.Build.0 = Debug|Any CPU
		{7FDCC41B-462C-43AE-AC06-CD85E5F813DD}.Release|Any CPU.ActiveCfg = Release|Any CPU
		{7FDCC41B-462C-43AE-AC06-CD85E5F813DD}.Release|Any CPU.Build.0 = Release|Any CPU
	EndGlobalSection
	GlobalSection(SolutionProperties) = preSolution
		HideSolutionNode = FALSE
	EndGlobalSection
	GlobalSection(ExtensibilityGlobals) = postSolution
		SolutionGuid = {A8A8A197-36FA-40F5-B2CB-E4995A6F77FE}
	EndGlobalSection
EndGlobal
